
Microsoft Visual Studio Solution File, Format Version 12.00
# Visual Studio Version 16
VisualStudioVersion = 16.0.31729.503
MinimumVisualStudioVersion = 10.0.40219.1
Project("{FAE04EC0-301F-11D3-BF4B-00C04F79EFBC}") = "cc-turtle-manager", "cc-turtle-manager\cc-turtle-manager.csproj", "{3AF8CDA4-ED6F-4C7C-BA49-43EC95DC12B0}"
EndProject
Project("{FAE04EC0-301F-11D3-BF4B-00C04F79EFBC}") = "cc-turtle-manager-lib", "cc-turtle-manager-lib\cc-turtle-manager-lib.csproj", "{3A041291-C6DC-437F-A80D-C239DF23B39C}"
EndProject
Global
	GlobalSection(SolutionConfigurationPlatforms) = preSolution
		Debug|Any CPU = Debug|Any CPU
		Release|Any CPU = Release|Any CPU
	EndGlobalSection
	GlobalSection(ProjectConfigurationPlatforms) = postSolution
		{3AF8CDA4-ED6F-4C7C-BA49-43EC95DC12B0}.Debug|Any CPU.ActiveCfg = Debug|Any CPU
		{3AF8CDA4-ED6F-4C7C-BA49-43EC95DC12B0}.Debug|Any CPU.Build.0 = Debug|Any CPU
		{3AF8CDA4-ED6F-4C7C-BA49-43EC95DC12B0}.Release|Any CPU.ActiveCfg = Release|Any CPU
		{3AF8CDA4-ED6F-4C7C-BA49-43EC95DC12B0}.Release|Any CPU.Build.0 = Release|Any CPU
		{3A041291-C6DC-437F-A80D-C239DF23B39C}.Debug|Any CPU.ActiveCfg = Debug|Any CPU
		{3A041291-C6DC-437F-A80D-C239DF23B39C}.Debug|Any CPU.Build.0 = Debug|Any CPU
		{3A041291-C6DC-437F-A80D-C239DF23B39C}.Release|Any CPU.ActiveCfg = Release|Any CPU
		{3A041291-C6DC-437F-A80D-C239DF23B39C}.Release|Any CPU.Build.0 = Release|Any CPU
	EndGlobalSection
	GlobalSection(SolutionProperties) = preSolution
		HideSolutionNode = FALSE
	EndGlobalSection
	GlobalSection(ExtensibilityGlobals) = postSolution
		SolutionGuid = {E8BE015C-81E7-4C7E-8F17-173A1377F8F8}
	EndGlobalSection
EndGlobal
